
Microsoft Visual Studio Solution File, Format Version 12.00
# Visual Studio Version 16
VisualStudioVersion = 16.0.28803.352
MinimumVisualStudioVersion = 10.0.40219.1
Project("{FAE04EC0-301F-11D3-BF4B-00C04F79EFBC}") = "DFC.Composite.Shell.Moc.TwoCol", "DFC.Composite.Shell.Moc.TwoCol\DFC.Composite.Shell.Moc.TwoCol.csproj", "{52F19076-7DA1-4143-BF3A-DB119E93FE01}"
EndProject
Global
	GlobalSection(SolutionConfigurationPlatforms) = preSolution
		Debug|Any CPU = Debug|Any CPU
		Release|Any CPU = Release|Any CPU
	EndGlobalSection
	GlobalSection(ProjectConfigurationPlatforms) = postSolution
		{52F19076-7DA1-4143-BF3A-DB119E93FE01}.Debug|Any CPU.ActiveCfg = Debug|Any CPU
		{52F19076-7DA1-4143-BF3A-DB119E93FE01}.Debug|Any CPU.Build.0 = Debug|Any CPU
		{52F19076-7DA1-4143-BF3A-DB119E93FE01}.Release|Any CPU.ActiveCfg = Release|Any CPU
		{52F19076-7DA1-4143-BF3A-DB119E93FE01}.Release|Any CPU.Build.0 = Release|Any CPU
	EndGlobalSection
	GlobalSection(SolutionProperties) = preSolution
		HideSolutionNode = FALSE
	EndGlobalSection
	GlobalSection(ExtensibilityGlobals) = postSolution
		SolutionGuid = {66DB90A2-9566-49CB-8087-F7F6E5318738}
	EndGlobalSection
EndGlobal
